PODS:
  - Flutter (1.0.0)
  - JCore (5.0.1)
  - JVerification (3.2.7):
    - JCore (>= 2.1.6)
  - jverify (0.0.1):
    - Flutter
    - JCore (>= 5.0.1)
    - JVerification (= 3.2.7)

DEPENDENCIES:
  - Flutter (from `Flutter`)
  - jverify (from `.symlinks/plugins/jverify/ios`)

SPEC REPOS:
  trunk:
    - JCore
    - JVerification

EXTERNAL SOURCES:
  Flutter:
    :path: Flutter
  jverify:
    :path: ".symlinks/plugins/jverify/ios"

SPEC CHECKSUMS:
  Flutter: e0871f40cf51350855a761d2e70bf5af5b9b5de7
  JCore: 1c42bfa3905a0edb7edacf7e776b4bee0698bacf
  JVerification: 524102d86fdbb056348873405d8950bcd634dd28
  jverify: f00c582d5b2d6aad24e8a25e127b4e6eef2561d9

PODFILE CHECKSUM: c4c93c5f6502fe2754f48404d3594bf779584011

COCOAPODS: 1.10.1
