PODS:
  - Flutter (1.0.0)
  - JCore (2.1.1)
  - JVerification (2.3.2):
    - JCore (< 3.0.0, >= 1.2.6)
  - jverify (0.0.1):
    - Flutter
    - JVerification (= 2.3.2)

DEPENDENCIES:
  - Flutter (from `.symlinks/flutter/ios`)
  - jverify (from `.symlinks/plugins/jverify/ios`)

SPEC REPOS:
  https://github.com/cocoapods/specs.git:
    - JCore
    - JVerification

EXTERNAL SOURCES:
  Flutter:
    :path: ".symlinks/flutter/ios"
  jverify:
    :path: ".symlinks/plugins/jverify/ios"

SPEC CHECKSUMS:
  Flutter: 58dd7d1b27887414a370fcccb9e645c08ffd7a6a
  JCore: 4072327557f0b83cc22dd4041f2f839740c0077b
  JVerification: 0fc93283465481d0a670f5c5de45bc6900a9077c
  jverify: 4ac34862e7392d391a8a1e008be95668df4d67d0

PODFILE CHECKSUM: aff02bfeed411c636180d6812254b2daeea14d09

COCOAPODS: 1.7.0.beta.2
